
Microsoft Visual Studio Solution File, Format Version 12.00
# Visual Studio Version 17
VisualStudioVersion = 17.9.34701.34
MinimumVisualStudioVersion = 10.0.40219.1
Project("{FAE04EC0-301F-11D3-BF4B-00C04F79EFBC}") = "CodingTracker", "CodingTracker\CodingTracker.csproj", "{1938B12D-2F89-469A-A165-887F0BB19B28}"
EndProject
Global
	GlobalSection(SolutionConfigurationPlatforms) = preSolution
		Debug|Any CPU = Debug|Any CPU
		Release|Any CPU = Release|Any CPU
	EndGlobalSection
	GlobalSection(ProjectConfigurationPlatforms) = postSolution
		{1938B12D-2F89-469A-A165-887F0BB19B28}.Debug|Any CPU.ActiveCfg = Debug|Any CPU
		{1938B12D-2F89-469A-A165-887F0BB19B28}.Debug|Any CPU.Build.0 = Debug|Any CPU
		{1938B12D-2F89-469A-A165-887F0BB19B28}.Release|Any CPU.ActiveCfg = Release|Any CPU
		{1938B12D-2F89-469A-A165-887F0BB19B28}.Release|Any CPU.Build.0 = Release|Any CPU
	EndGlobalSection
	GlobalSection(SolutionProperties) = preSolution
		HideSolutionNode = FALSE
	EndGlobalSection
	GlobalSection(ExtensibilityGlobals) = postSolution
		SolutionGuid = {0A20FBD1-C430-480D-B3E5-7EA1F6273023}
	EndGlobalSection
EndGlobal
